// !$*UTF8*$!
{
	archiveVersion = 1;
	classes = {
	};
	objectVersion = 50;
	objects = {

/* Begin PBXBuildFile section */
		8388D10823A3BEA00021F1B7 /* AppDelegate.swift in Sources */ = {isa = PBXBuildFile; fileRef = 8388D10723A3BEA00021F1B7 /* AppDelegate.swift */; };
		8388D10A23A3BEA00021F1B7 /* SceneDelegate.swift in Sources */ = {isa = PBXBuildFile; fileRef = 8388D10923A3BEA00021F1B7 /* SceneDelegate.swift */; };
		8388D10C23A3BEA00021F1B7 /* ContentView.swift in Sources */ = {isa = PBXBuildFile; fileRef = 8388D10B23A3BEA00021F1B7 /* ContentView.swift */; };
		8388D10E23A3BEA10021F1B7 /* Assets.xcassets in Resources */ = {isa = PBXBuildFile; fileRef = 8388D10D23A3BEA10021F1B7 /* Assets.xcassets */; };
		8388D11123A3BEA10021F1B7 /* Preview Assets.xcassets in Resources */ = {isa = PBXBuildFile; fileRef = 8388D11023A3BEA10021F1B7 /* Preview Assets.xcassets */; };
		8388D11423A3BEA10021F1B7 /* LaunchScreen.storyboard in Resources */ = {isa = PBXBuildFile; fileRef = 8388D11223A3BEA10021F1B7 /* LaunchScreen.storyboard */; };
/* End PBXBuildFile section */

/* Begin PBXFileReference section */
		8388D10423A3BEA00021F1B7 /* MyNavigationView.app */ = {isa = PBXFileReference; explicitFileType = wrapper.application; includeInIndex = 0; path = MyNavigationView.app; sourceTree = BUILT_PRODUCTS_DIR; };
		8388D10723A3BEA00021F1B7 /* AppDelegate.swift */ = {isa = PBXFileReference; lastKnownFileType = sourcecode.swift; path = AppDelegate.swift; sourceTree = "<group>"; };
		8388D10923A3BEA00021F1B7 /* SceneDelegate.swift */ = {isa = PBXFileReference; lastKnownFileType = sourcecode.swift; path = SceneDelegate.swift; sourceTree = "<group>"; };
		8388D10B23A3BEA00021F1B7 /* ContentView.swift */ = {isa = PBXFileReference; lastKnownFileType = sourcecode.swift; path = ContentView.swift; sourceTree = "<group>"; };
		8388D10D23A3BEA10021F1B7 /* Assets.xcassets */ = {isa = PBXFileReference; lastKnownFileType = folder.assetcatalog; path = Assets.xcassets; sourceTree = "<group>"; };
		8388D11023A3BEA10021F1B7 /* Preview Assets.xcassets */ = {isa = PBXFileReference; lastKnownFileType = folder.assetcatalog; path = "Preview Assets.xcassets"; sourceTree = "<group>"; };
		8388D11323A3BEA10021F1B7 /* Base */ = {isa = PBXFileReference; lastKnownFileType = file.storyboard; name = Base; path = Base.lproj/LaunchScreen.storyboard; sourceTree = "<group>"; };
		8388D11523A3BEA10021F1B7 /* Info.plist */ = {isa = PBXFileReference; lastKnownFileType = text.plist.xml; path = Info.plist; sourceTree = "<group>"; };
/* End PBXFileReference section */

/* Begin PBXFrameworksBuildPhase section */
		8388D10123A3BEA00021F1B7 /* Frameworks */ = {
			isa = PBXFrameworksBuildPhase;
			buildActionMask = 2147483647;
			files = (
			);
			runOnlyForDeploymentPostprocessing = 0;
		};
/* End PBXFrameworksBuildPhase section */

/* Begin PBXGroup section */
		8388D0FB23A3BEA00021F1B7 = {
			isa = PBXGroup;
			children = (
				8388D10623A3BEA00021F1B7 /* MyNavigationView */,
				8388D10523A3BEA00021F1B7 /* Products */,
			);
			sourceTree = "<group>";
		};
		8388D10523A3BEA00021F1B7 /* Products */ = {
			isa = PBXGroup;
			children = (
				8388D10423A3BEA00021F1B7 /* MyNavigationView.app */,
			);
			name = Products;
			sourceTree = "<group>";
		};
		8388D10623A3BEA00021F1B7 /* MyNavigationView */ = {
			isa = PBXGroup;
			children = (
				8388D10723A3BEA00021F1B7 /* AppDelegate.swift */,
				8388D10923A3BEA00021F1B7 /* SceneDelegate.swift */,
				8388D10B23A3BEA00021F1B7 /* ContentView.swift */,
				8388D10D23A3BEA10021F1B7 /* Assets.xcassets */,
				8388D11223A3BEA10021F1B7 /* LaunchScreen.storyboard */,
				8388D11523A3BEA10021F1B7 /* Info.plist */,
				8388D10F23A3BEA10021F1B7 /* Preview Content */,
			);
			path = MyNavigationView;
			sourceTree = "<group>";
		};
		8388D10F23A3BEA10021F1B7 /* Preview Content */ = {
			isa = PBXGroup;
			children = (
				8388D11023A3BEA10021F1B7 /* Preview Assets.xcassets */,
			);
			path = "Preview Content";
			sourceTree = "<group>";
		};
/* End PBXGroup section */

/* Begin PBXNativeTarget section */
		8388D10323A3BEA00021F1B7 /* MyNavigationView */ = {
			isa = PBXNativeTarget;
			buildConfigurationList = 8388D11823A3BEA10021F1B7 /* Build configuration list for PBXNativeTarget "MyNavigationView" */;
			buildPhases = (
				8388D10023A3BEA00021F1B7 /* Sources */,
				8388D10123A3BEA00021F1B7 /* Frameworks */,
				8388D10223A3BEA00021F1B7 /* Resources */,
			);
			buildRules = (
			);
			dependencies = (
			);
			name = MyNavigationView;
			productName = "03-MyNavigationView";
			productReference = 8388D10423A3BEA00021F1B7 /* MyNavigationView.app */;
			productType = "com.apple.product-type.application";
		};
/* End PBXNativeTarget section */

/* Begin PBXProject section */
		8388D0FC23A3BEA00021F1B7 /* Project object */ = {
			isa = PBXProject;
			attributes = {
				LastSwiftUpdateCheck = 1120;
				LastUpgradeCheck = 1120;
				ORGANIZATIONNAME = objc.io;
				TargetAttributes = {
					8388D10323A3BEA00021F1B7 = {
						CreatedOnToolsVersion = 11.2.1;
					};
				};
			};
			buildConfigurationList = 8388D0FF23A3BEA00021F1B7 /* Build configuration list for PBXProject "MyNavigationView" */;
			compatibilityVersion = "Xcode 9.3";
			developmentRegion = en;
			hasScannedForEncodings = 0;
			knownRegions = (
				en,
				Base,
			);
			mainGroup = 8388D0FB23A3BEA00021F1B7;
			productRefGroup = 8388D10523A3BEA00021F1B7 /* Products */;
			projectDirPath = "";
			projectRoot = "";
			targets = (
				8388D10323A3BEA00021F1B7 /* MyNavigationView */,
			);
		};
/* End PBXProject section */

/* Begin PBXResourcesBuildPhase section */
		8388D10223A3BEA00021F1B7 /* Resources */ = {
			isa = PBXResourcesBuildPhase;
			buildActionMask = 2147483647;
			files = (
				8388D11423A3BEA10021F1B7 /* LaunchScreen.storyboard in Resources */,
				8388D11123A3BEA10021F1B7 /* Preview Assets.xcassets in Resources */,
				8388D10E23A3BEA10021F1B7 /* Assets.xcassets in Resources */,
			);
			runOnlyForDeploymentPostprocessing = 0;
		};
/* End PBXResourcesBuildPhase section */

/* Begin PBXSourcesBuildPhase section */
		8388D10023A3BEA00021F1B7 /* Sources */ = {
			isa = PBXSourcesBuildPhase;
			buildActionMask = 2147483647;
			files = (
				8388D10823A3BEA00021F1B7 /* AppDelegate.swift in Sources */,
				8388D10A23A3BEA00021F1B7 /* SceneDelegate.swift in Sources */,
				8388D10C23A3BEA00021F1B7 /* ContentView.swift in Sources */,
			);
			runOnlyForDeploymentPostprocessing = 0;
		};
/* End PBXSourcesBuildPhase section */

/* Begin PBXVariantGroup section */
		8388D11223A3BEA10021F1B7 /* LaunchScreen.storyboard */ = {
			isa = PBXVariantGroup;
			children = (
				8388D11323A3BEA10021F1B7 /* Base */,
			);
			name = LaunchScreen.storyboard;
			sourceTree = "<group>";
		};
/* End PBXVariantGroup section */

/* Begin XCBuildConfiguration section */
		8388D11623A3BEA10021F1B7 /* Debug */ = {
			isa = XCBuildConfiguration;
			buildSettings = {
				ALWAYS_SEARCH_USER_PATHS = NO;
				CLANG_ANALYZER_NONNULL = YES;
				CLANG_ANALYZER_NUMBER_OBJECT_CONVERSION = YES_AGGRESSIVE;
				CLANG_CXX_LANGUAGE_STANDARD = "gnu++14";
				CLANG_CXX_LIBRARY = "libc++";
				CLANG_ENABLE_MODULES = YES;
				CLANG_ENABLE_OBJC_ARC = YES;
				CLANG_ENABLE_OBJC_WEAK = YES;
				CLANG_WARN_BLOCK_CAPTURE_AUTORELEASING = YES;
				CLANG_WARN_BOOL_CONVERSION = YES;
				CLANG_WARN_COMMA = YES;
				CLANG_WARN_CONSTANT_CONVERSION = YES;
				CLANG_WARN_DEPRECATED_OBJC_IMPLEMENTATIONS = YES;
				CLANG_WARN_DIRECT_OBJC_ISA_USAGE = YES_ERROR;
				CLANG_WARN_DOCUMENTATION_COMMENTS = YES;
				CLANG_WARN_EMPTY_BODY = YES;
				CLANG_WARN_ENUM_CONVERSION = YES;
				CLANG_WARN_INFINITE_RECURSION = YES;
				CLANG_WARN_INT_CONVERSION = YES;
				CLANG_WARN_NON_LITERAL_NULL_CONVERSION = YES;
				CLANG_WARN_OBJC_IMPLICIT_RETAIN_SELF = YES;
				CLANG_WARN_OBJC_LITERAL_CONVERSION = YES;
				CLANG_WARN_OBJC_ROOT_CLASS = YES_ERROR;
				CLANG_WARN_RANGE_LOOP_ANALYSIS = YES;
				CLANG_WARN_STRICT_PROTOTYPES = YES;
				CLANG_WARN_SUSPICIOUS_MOVE = YES;
				CLANG_WARN_UNGUARDED_AVAILABILITY = YES_AGGRESSIVE;
				CLANG_WARN_UNREACHABLE_CODE = YES;
				CLANG_WARN__DUPLICATE_METHOD_MATCH = YES;
				COPY_PHASE_STRIP = NO;
				DEBUG_INFORMATION_FORMAT = dwarf;
				ENABLE_STRICT_OBJC_MSGSEND = YES;
				ENABLE_TESTABILITY = YES;
				GCC_C_LANGUAGE_STANDARD = gnu11;
				GCC_DYNAMIC_NO_PIC = NO;
				GCC_NO_COMMON_BLOCKS = YES;
				GCC_OPTIMIZATION_LEVEL = 0;
				GCC_PREPROCESSOR_DEFINITIONS = (
					"DEBUG=1",
					"$(inherited)",
				);
				GCC_WARN_64_TO_32_BIT_CONVERSION = YES;
				GCC_WARN_ABOUT_RETURN_TYPE = YES_ERROR;
				GCC_WARN_UNDECLARED_SELECTOR = YES;
				GCC_WARN_UNINITIALIZED_AUTOS = YES_AGGRESSIVE;
				GCC_WARN_UNUSED_FUNCTION = YES;
				GCC_WARN_UNUSED_VARIABLE = YES;
				IPHONEOS_DEPLOYMENT_TARGET = 13.2;
				MTL_ENABLE_DEBUG_INFO = INCLUDE_SOURCE;
				MTL_FAST_MATH = YES;
				ONLY_ACTIVE_ARCH = YES;
				SDKROOT = iphoneos;
				SWIFT_ACTIVE_COMPILATION_CONDITIONS = DEBUG;
				SWIFT_OPTIMIZATION_LEVEL = "-Onone";
			};
			name = Debug;
		};
		8388D11723A3BEA10021F1B7 /* Release */ = {
			isa = XCBuildConfiguration;
			buildSettings = {
				ALWAYS_SEARCH_USER_PATHS = NO;
				CLANG_ANALYZER_NONNULL = YES;
				CLANG_ANALYZER_NUMBER_OBJECT_CONVERSION = YES_AGGRESSIVE;
				CLANG_CXX_LANGUAGE_STANDARD = "gnu++14";
				CLANG_CXX_LIBRARY = "libc++";
				CLANG_ENABLE_MODULES = YES;
				CLANG_ENABLE_OBJC_ARC = YES;
				CLANG_ENABLE_OBJC_WEAK = YES;
				CLANG_WARN_BLOCK_CAPTURE_AUTORELEASING = YES;
				CLANG_WARN_BOOL_CONVERSION = YES;
				CLANG_WARN_COMMA = YES;
				CLANG_WARN_CONSTANT_CONVERSION = YES;
				CLANG_WARN_DEPRECATED_OBJC_IMPLEMENTATIONS = YES;
				CLANG_WARN_DIRECT_OBJC_ISA_USAGE = YES_ERROR;
				CLANG_WARN_DOCUMENTATION_COMMENTS = YES;
				CLANG_WARN_EMPTY_BODY = YES;
				CLANG_WARN_ENUM_CONVERSION = YES;
				CLANG_WARN_INFINITE_RECURSION = YES;
				CLANG_WARN_INT_CONVERSION = YES;
				CLANG_WARN_NON_LITERAL_NULL_CONVERSION = YES;
				CLANG_WARN_OBJC_IMPLICIT_RETAIN_SELF = YES;
				CLANG_WARN_OBJC_LITERAL_CONVERSION = YES;
				CLANG_WARN_OBJC_ROOT_CLASS = YES_ERROR;
				CLANG_WARN_RANGE_LOOP_ANALYSIS = YES;
				CLANG_WARN_STRICT_PROTOTYPES = YES;
				CLANG_WARN_SUSPICIOUS_MOVE = YES;
				CLANG_WARN_UNGUARDED_AVAILABILITY = YES_AGGRESSIVE;
				CLANG_WARN_UNREACHABLE_CODE = YES;
				CLANG_WARN__DUPLICATE_METHOD_MATCH = YES;
				COPY_PHASE_STRIP = NO;
				DEBUG_INFORMATION_FORMAT = "dwarf-with-dsym";
				ENABLE_NS_ASSERTIONS = NO;
				ENABLE_STRICT_OBJC_MSGSEND = YES;
				GCC_C_LANGUAGE_STANDARD = gnu11;
				GCC_NO_COMMON_BLOCKS = YES;
				GCC_WARN_64_TO_32_BIT_CONVERSION = YES;
				GCC_WARN_ABOUT_RETURN_TYPE = YES_ERROR;
				GCC_WARN_UNDECLARED_SELECTOR = YES;
				GCC_WARN_UNINITIALIZED_AUTOS = YES_AGGRESSIVE;
				GCC_WARN_UNUSED_FUNCTION = YES;
				GCC_WARN_UNUSED_VARIABLE = YES;
				IPHONEOS_DEPLOYMENT_TARGET = 13.2;
				MTL_ENABLE_DEBUG_INFO = NO;
				MTL_FAST_MATH = YES;
				SDKROOT = iphoneos;
				SWIFT_COMPILATION_MODE = wholemodule;
				SWIFT_OPTIMIZATION_LEVEL = "-O";
				VALIDATE_PRODUCT = YES;
			};
			name = Release;
		};
		8388D11923A3BEA10021F1B7 /* Debug */ = {
			isa = XCBuildConfiguration;
			buildSettings = {
				ASSETCATALOG_COMPILER_APPICON_NAME = AppIcon;
				CODE_SIGN_STYLE = Automatic;
				DEVELOPMENT_ASSET_PATHS = "\"MyNavigationView/Preview Content\"";
				DEVELOPMENT_TEAM = SL7736T2Z4;
				ENABLE_PREVIEWS = YES;
				INFOPLIST_FILE = MyNavigationView/Info.plist;
				LD_RUNPATH_SEARCH_PATHS = (
					"$(inherited)",
					"@executable_path/Frameworks",
				);
				PRODUCT_BUNDLE_IDENTIFIER = io.objc.MyNavigationView;
				PRODUCT_NAME = "$(TARGET_NAME)";
				SWIFT_VERSION = 5.0;
				TARGETED_DEVICE_FAMILY = "1,2";
			};
			name = Debug;
		};
		8388D11A23A3BEA10021F1B7 /* Release */ = {
			isa = XCBuildConfiguration;
			buildSettings = {
				ASSETCATALOG_COMPILER_APPICON_NAME = AppIcon;
				CODE_SIGN_STYLE = Automatic;
				DEVELOPMENT_ASSET_PATHS = "\"MyNavigationView/Preview Content\"";
				DEVELOPMENT_TEAM = SL7736T2Z4;
				ENABLE_PREVIEWS = YES;
				INFOPLIST_FILE = MyNavigationView/Info.plist;
				LD_RUNPATH_SEARCH_PATHS = (
					"$(inherited)",
					"@executable_path/Frameworks",
				);
				PRODUCT_BUNDLE_IDENTIFIER = io.objc.MyNavigationView;
				PRODUCT_NAME = "$(TARGET_NAME)";
				SWIFT_VERSION = 5.0;
				TARGETED_DEVICE_FAMILY = "1,2";
			};
			name = Release;
		};
/* End XCBuildConfiguration section */

/* Begin XCConfigurationList section */
		8388D0FF23A3BEA00021F1B7 /* Build configuration list for PBXProject "MyNavigationView" */ = {
			isa = XCConfigurationList;
			buildConfigurations = (
				8388D11623A3BEA10021F1B7 /* Debug */,
				8388D11723A3BEA10021F1B7 /* Release */,
			);
			defaultConfigurationIsVisible = 0;
			defaultConfigurationName = Release;
		};
		8388D11823A3BEA10021F1B7 /* Build configuration list for PBXNativeTarget "MyNavigationView" */ = {
			isa = XCConfigurationList;
			buildConfigurations = (
				8388D11923A3BEA10021F1B7 /* Debug */,
				8388D11A23A3BEA10021F1B7 /* Release */,
			);
			defaultConfigurationIsVisible = 0;
			defaultConfigurationName = Release;
		};
/* End XCConfigurationList section */
	};
	rootObject = 8388D0FC23A3BEA00021F1B7 /* Project object */;
}
