// !$*UTF8*$!
{
	archiveVersion = 1;
	classes = {
	};
	objectVersion = 50;
	objects = {

/* Begin PBXBuildFile section */
		832DFE5B23D9B2CA00142DFF /* AppDelegate.swift in Sources */ = {isa = PBXBuildFile; fileRef = 832DFE5A23D9B2CA00142DFF /* AppDelegate.swift */; };
		832DFE5D23D9B2CA00142DFF /* SceneDelegate.swift in Sources */ = {isa = PBXBuildFile; fileRef = 832DFE5C23D9B2CA00142DFF /* SceneDelegate.swift */; };
		832DFE5F23D9B2CA00142DFF /* ContentView.swift in Sources */ = {isa = PBXBuildFile; fileRef = 832DFE5E23D9B2CA00142DFF /* ContentView.swift */; };
		832DFE6123D9B2CB00142DFF /* Assets.xcassets in Resources */ = {isa = PBXBuildFile; fileRef = 832DFE6023D9B2CB00142DFF /* Assets.xcassets */; };
		832DFE6423D9B2CB00142DFF /* Preview Assets.xcassets in Resources */ = {isa = PBXBuildFile; fileRef = 832DFE6323D9B2CB00142DFF /* Preview Assets.xcassets */; };
		832DFE6723D9B2CB00142DFF /* LaunchScreen.storyboard in Resources */ = {isa = PBXBuildFile; fileRef = 832DFE6523D9B2CB00142DFF /* LaunchScreen.storyboard */; };
/* End PBXBuildFile section */

/* Begin PBXFileReference section */
		832DFE5723D9B2CA00142DFF /* HStackCollapsible.app */ = {isa = PBXFileReference; explicitFileType = wrapper.application; includeInIndex = 0; path = HStackCollapsible.app; sourceTree = BUILT_PRODUCTS_DIR; };
		832DFE5A23D9B2CA00142DFF /* AppDelegate.swift */ = {isa = PBXFileReference; lastKnownFileType = sourcecode.swift; path = AppDelegate.swift; sourceTree = "<group>"; };
		832DFE5C23D9B2CA00142DFF /* SceneDelegate.swift */ = {isa = PBXFileReference; lastKnownFileType = sourcecode.swift; path = SceneDelegate.swift; sourceTree = "<group>"; };
		832DFE5E23D9B2CA00142DFF /* ContentView.swift */ = {isa = PBXFileReference; lastKnownFileType = sourcecode.swift; path = ContentView.swift; sourceTree = "<group>"; };
		832DFE6023D9B2CB00142DFF /* Assets.xcassets */ = {isa = PBXFileReference; lastKnownFileType = folder.assetcatalog; path = Assets.xcassets; sourceTree = "<group>"; };
		832DFE6323D9B2CB00142DFF /* Preview Assets.xcassets */ = {isa = PBXFileReference; lastKnownFileType = folder.assetcatalog; path = "Preview Assets.xcassets"; sourceTree = "<group>"; };
		832DFE6623D9B2CB00142DFF /* Base */ = {isa = PBXFileReference; lastKnownFileType = file.storyboard; name = Base; path = Base.lproj/LaunchScreen.storyboard; sourceTree = "<group>"; };
		832DFE6823D9B2CB00142DFF /* Info.plist */ = {isa = PBXFileReference; lastKnownFileType = text.plist.xml; path = Info.plist; sourceTree = "<group>"; };
/* End PBXFileReference section */

/* Begin PBXFrameworksBuildPhase section */
		832DFE5423D9B2CA00142DFF /* Frameworks */ = {
			isa = PBXFrameworksBuildPhase;
			buildActionMask = 2147483647;
			files = (
			);
			runOnlyForDeploymentPostprocessing = 0;
		};
/* End PBXFrameworksBuildPhase section */

/* Begin PBXGroup section */
		832DFE4E23D9B2CA00142DFF = {
			isa = PBXGroup;
			children = (
				832DFE5923D9B2CA00142DFF /* HStackCollapsible */,
				832DFE5823D9B2CA00142DFF /* Products */,
			);
			sourceTree = "<group>";
		};
		832DFE5823D9B2CA00142DFF /* Products */ = {
			isa = PBXGroup;
			children = (
				832DFE5723D9B2CA00142DFF /* HStackCollapsible.app */,
			);
			name = Products;
			sourceTree = "<group>";
		};
		832DFE5923D9B2CA00142DFF /* HStackCollapsible */ = {
			isa = PBXGroup;
			children = (
				832DFE5A23D9B2CA00142DFF /* AppDelegate.swift */,
				832DFE5C23D9B2CA00142DFF /* SceneDelegate.swift */,
				832DFE5E23D9B2CA00142DFF /* ContentView.swift */,
				832DFE6023D9B2CB00142DFF /* Assets.xcassets */,
				832DFE6523D9B2CB00142DFF /* LaunchScreen.storyboard */,
				832DFE6823D9B2CB00142DFF /* Info.plist */,
				832DFE6223D9B2CB00142DFF /* Preview Content */,
			);
			path = HStackCollapsible;
			sourceTree = "<group>";
		};
		832DFE6223D9B2CB00142DFF /* Preview Content */ = {
			isa = PBXGroup;
			children = (
				832DFE6323D9B2CB00142DFF /* Preview Assets.xcassets */,
			);
			path = "Preview Content";
			sourceTree = "<group>";
		};
/* End PBXGroup section */

/* Begin PBXNativeTarget section */
		832DFE5623D9B2CA00142DFF /* HStackCollapsible */ = {
			isa = PBXNativeTarget;
			buildConfigurationList = 832DFE7623D9B2CB00142DFF /* Build configuration list for PBXNativeTarget "HStackCollapsible" */;
			buildPhases = (
				832DFE5323D9B2CA00142DFF /* Sources */,
				832DFE5423D9B2CA00142DFF /* Frameworks */,
				832DFE5523D9B2CA00142DFF /* Resources */,
			);
			buildRules = (
			);
			dependencies = (
			);
			name = HStackCollapsible;
			productName = HStackCollapsable;
			productReference = 832DFE5723D9B2CA00142DFF /* HStackCollapsible.app */;
			productType = "com.apple.product-type.application";
		};
/* End PBXNativeTarget section */

/* Begin PBXProject section */
		832DFE4F23D9B2CA00142DFF /* Project object */ = {
			isa = PBXProject;
			attributes = {
				LastSwiftUpdateCheck = 1130;
				LastUpgradeCheck = 1130;
				ORGANIZATIONNAME = "Chris Eidhof";
				TargetAttributes = {
					832DFE5623D9B2CA00142DFF = {
						CreatedOnToolsVersion = 11.3.1;
					};
				};
			};
			buildConfigurationList = 832DFE5223D9B2CA00142DFF /* Build configuration list for PBXProject "HStackCollapsible" */;
			compatibilityVersion = "Xcode 9.3";
			developmentRegion = en;
			hasScannedForEncodings = 0;
			knownRegions = (
				en,
				Base,
			);
			mainGroup = 832DFE4E23D9B2CA00142DFF;
			productRefGroup = 832DFE5823D9B2CA00142DFF /* Products */;
			projectDirPath = "";
			projectRoot = "";
			targets = (
				832DFE5623D9B2CA00142DFF /* HStackCollapsible */,
			);
		};
/* End PBXProject section */

/* Begin PBXResourcesBuildPhase section */
		832DFE5523D9B2CA00142DFF /* Resources */ = {
			isa = PBXResourcesBuildPhase;
			buildActionMask = 2147483647;
			files = (
				832DFE6723D9B2CB00142DFF /* LaunchScreen.storyboard in Resources */,
				832DFE6423D9B2CB00142DFF /* Preview Assets.xcassets in Resources */,
				832DFE6123D9B2CB00142DFF /* Assets.xcassets in Resources */,
			);
			runOnlyForDeploymentPostprocessing = 0;
		};
/* End PBXResourcesBuildPhase section */

/* Begin PBXSourcesBuildPhase section */
		832DFE5323D9B2CA00142DFF /* Sources */ = {
			isa = PBXSourcesBuildPhase;
			buildActionMask = 2147483647;
			files = (
				832DFE5B23D9B2CA00142DFF /* AppDelegate.swift in Sources */,
				832DFE5D23D9B2CA00142DFF /* SceneDelegate.swift in Sources */,
				832DFE5F23D9B2CA00142DFF /* ContentView.swift in Sources */,
			);
			runOnlyForDeploymentPostprocessing = 0;
		};
/* End PBXSourcesBuildPhase section */

/* Begin PBXVariantGroup section */
		832DFE6523D9B2CB00142DFF /* LaunchScreen.storyboard */ = {
			isa = PBXVariantGroup;
			children = (
				832DFE6623D9B2CB00142DFF /* Base */,
			);
			name = LaunchScreen.storyboard;
			sourceTree = "<group>";
		};
/* End PBXVariantGroup section */

/* Begin XCBuildConfiguration section */
		832DFE7423D9B2CB00142DFF /* Debug */ = {
			isa = XCBuildConfiguration;
			buildSettings = {
				ALWAYS_SEARCH_USER_PATHS = NO;
				CLANG_ANALYZER_NONNULL = YES;
				CLANG_ANALYZER_NUMBER_OBJECT_CONVERSION = YES_AGGRESSIVE;
				CLANG_CXX_LANGUAGE_STANDARD = "gnu++14";
				CLANG_CXX_LIBRARY = "libc++";
				CLANG_ENABLE_MODULES = YES;
				CLANG_ENABLE_OBJC_ARC = YES;
				CLANG_ENABLE_OBJC_WEAK = YES;
				CLANG_WARN_BLOCK_CAPTURE_AUTORELEASING = YES;
				CLANG_WARN_BOOL_CONVERSION = YES;
				CLANG_WARN_COMMA = YES;
				CLANG_WARN_CONSTANT_CONVERSION = YES;
				CLANG_WARN_DEPRECATED_OBJC_IMPLEMENTATIONS = YES;
				CLANG_WARN_DIRECT_OBJC_ISA_USAGE = YES_ERROR;
				CLANG_WARN_DOCUMENTATION_COMMENTS = YES;
				CLANG_WARN_EMPTY_BODY = YES;
				CLANG_WARN_ENUM_CONVERSION = YES;
				CLANG_WARN_INFINITE_RECURSION = YES;
				CLANG_WARN_INT_CONVERSION = YES;
				CLANG_WARN_NON_LITERAL_NULL_CONVERSION = YES;
				CLANG_WARN_OBJC_IMPLICIT_RETAIN_SELF = YES;
				CLANG_WARN_OBJC_LITERAL_CONVERSION = YES;
				CLANG_WARN_OBJC_ROOT_CLASS = YES_ERROR;
				CLANG_WARN_RANGE_LOOP_ANALYSIS = YES;
				CLANG_WARN_STRICT_PROTOTYPES = YES;
				CLANG_WARN_SUSPICIOUS_MOVE = YES;
				CLANG_WARN_UNGUARDED_AVAILABILITY = YES_AGGRESSIVE;
				CLANG_WARN_UNREACHABLE_CODE = YES;
				CLANG_WARN__DUPLICATE_METHOD_MATCH = YES;
				COPY_PHASE_STRIP = NO;
				DEBUG_INFORMATION_FORMAT = dwarf;
				ENABLE_STRICT_OBJC_MSGSEND = YES;
				ENABLE_TESTABILITY = YES;
				GCC_C_LANGUAGE_STANDARD = gnu11;
				GCC_DYNAMIC_NO_PIC = NO;
				GCC_NO_COMMON_BLOCKS = YES;
				GCC_OPTIMIZATION_LEVEL = 0;
				GCC_PREPROCESSOR_DEFINITIONS = (
					"DEBUG=1",
					"$(inherited)",
				);
				GCC_WARN_64_TO_32_BIT_CONVERSION = YES;
				GCC_WARN_ABOUT_RETURN_TYPE = YES_ERROR;
				GCC_WARN_UNDECLARED_SELECTOR = YES;
				GCC_WARN_UNINITIALIZED_AUTOS = YES_AGGRESSIVE;
				GCC_WARN_UNUSED_FUNCTION = YES;
				GCC_WARN_UNUSED_VARIABLE = YES;
				IPHONEOS_DEPLOYMENT_TARGET = 13.2;
				MTL_ENABLE_DEBUG_INFO = INCLUDE_SOURCE;
				MTL_FAST_MATH = YES;
				ONLY_ACTIVE_ARCH = YES;
				SDKROOT = iphoneos;
				SWIFT_ACTIVE_COMPILATION_CONDITIONS = DEBUG;
				SWIFT_OPTIMIZATION_LEVEL = "-Onone";
			};
			name = Debug;
		};
		832DFE7523D9B2CB00142DFF /* Release */ = {
			isa = XCBuildConfiguration;
			buildSettings = {
				ALWAYS_SEARCH_USER_PATHS = NO;
				CLANG_ANALYZER_NONNULL = YES;
				CLANG_ANALYZER_NUMBER_OBJECT_CONVERSION = YES_AGGRESSIVE;
				CLANG_CXX_LANGUAGE_STANDARD = "gnu++14";
				CLANG_CXX_LIBRARY = "libc++";
				CLANG_ENABLE_MODULES = YES;
				CLANG_ENABLE_OBJC_ARC = YES;
				CLANG_ENABLE_OBJC_WEAK = YES;
				CLANG_WARN_BLOCK_CAPTURE_AUTORELEASING = YES;
				CLANG_WARN_BOOL_CONVERSION = YES;
				CLANG_WARN_COMMA = YES;
				CLANG_WARN_CONSTANT_CONVERSION = YES;
				CLANG_WARN_DEPRECATED_OBJC_IMPLEMENTATIONS = YES;
				CLANG_WARN_DIRECT_OBJC_ISA_USAGE = YES_ERROR;
				CLANG_WARN_DOCUMENTATION_COMMENTS = YES;
				CLANG_WARN_EMPTY_BODY = YES;
				CLANG_WARN_ENUM_CONVERSION = YES;
				CLANG_WARN_INFINITE_RECURSION = YES;
				CLANG_WARN_INT_CONVERSION = YES;
				CLANG_WARN_NON_LITERAL_NULL_CONVERSION = YES;
				CLANG_WARN_OBJC_IMPLICIT_RETAIN_SELF = YES;
				CLANG_WARN_OBJC_LITERAL_CONVERSION = YES;
				CLANG_WARN_OBJC_ROOT_CLASS = YES_ERROR;
				CLANG_WARN_RANGE_LOOP_ANALYSIS = YES;
				CLANG_WARN_STRICT_PROTOTYPES = YES;
				CLANG_WARN_SUSPICIOUS_MOVE = YES;
				CLANG_WARN_UNGUARDED_AVAILABILITY = YES_AGGRESSIVE;
				CLANG_WARN_UNREACHABLE_CODE = YES;
				CLANG_WARN__DUPLICATE_METHOD_MATCH = YES;
				COPY_PHASE_STRIP = NO;
				DEBUG_INFORMATION_FORMAT = "dwarf-with-dsym";
				ENABLE_NS_ASSERTIONS = NO;
				ENABLE_STRICT_OBJC_MSGSEND = YES;
				GCC_C_LANGUAGE_STANDARD = gnu11;
				GCC_NO_COMMON_BLOCKS = YES;
				GCC_WARN_64_TO_32_BIT_CONVERSION = YES;
				GCC_WARN_ABOUT_RETURN_TYPE = YES_ERROR;
				GCC_WARN_UNDECLARED_SELECTOR = YES;
				GCC_WARN_UNINITIALIZED_AUTOS = YES_AGGRESSIVE;
				GCC_WARN_UNUSED_FUNCTION = YES;
				GCC_WARN_UNUSED_VARIABLE = YES;
				IPHONEOS_DEPLOYMENT_TARGET = 13.2;
				MTL_ENABLE_DEBUG_INFO = NO;
				MTL_FAST_MATH = YES;
				SDKROOT = iphoneos;
				SWIFT_COMPILATION_MODE = wholemodule;
				SWIFT_OPTIMIZATION_LEVEL = "-O";
				VALIDATE_PRODUCT = YES;
			};
			name = Release;
		};
		832DFE7723D9B2CB00142DFF /* Debug */ = {
			isa = XCBuildConfiguration;
			buildSettings = {
				ASSETCATALOG_COMPILER_APPICON_NAME = AppIcon;
				CODE_SIGN_STYLE = Automatic;
				DEVELOPMENT_ASSET_PATHS = "\"HStackCollapsible/Preview Content\"";
				ENABLE_PREVIEWS = YES;
				INFOPLIST_FILE = HStackCollapsible/Info.plist;
				LD_RUNPATH_SEARCH_PATHS = (
					"$(inherited)",
					"@executable_path/Frameworks",
				);
				PRODUCT_BUNDLE_IDENTIFIER = objc.io.HStackCollapsable;
				PRODUCT_NAME = "$(TARGET_NAME)";
				SWIFT_VERSION = 5.0;
				TARGETED_DEVICE_FAMILY = "1,2";
			};
			name = Debug;
		};
		832DFE7823D9B2CB00142DFF /* Release */ = {
			isa = XCBuildConfiguration;
			buildSettings = {
				ASSETCATALOG_COMPILER_APPICON_NAME = AppIcon;
				CODE_SIGN_STYLE = Automatic;
				DEVELOPMENT_ASSET_PATHS = "\"HStackCollapsible/Preview Content\"";
				ENABLE_PREVIEWS = YES;
				INFOPLIST_FILE = HStackCollapsible/Info.plist;
				LD_RUNPATH_SEARCH_PATHS = (
					"$(inherited)",
					"@executable_path/Frameworks",
				);
				PRODUCT_BUNDLE_IDENTIFIER = objc.io.HStackCollapsable;
				PRODUCT_NAME = "$(TARGET_NAME)";
				SWIFT_VERSION = 5.0;
				TARGETED_DEVICE_FAMILY = "1,2";
			};
			name = Release;
		};
/* End XCBuildConfiguration section */

/* Begin XCConfigurationList section */
		832DFE5223D9B2CA00142DFF /* Build configuration list for PBXProject "HStackCollapsible" */ = {
			isa = XCConfigurationList;
			buildConfigurations = (
				832DFE7423D9B2CB00142DFF /* Debug */,
				832DFE7523D9B2CB00142DFF /* Release */,
			);
			defaultConfigurationIsVisible = 0;
			defaultConfigurationName = Release;
		};
		832DFE7623D9B2CB00142DFF /* Build configuration list for PBXNativeTarget "HStackCollapsible" */ = {
			isa = XCConfigurationList;
			buildConfigurations = (
				832DFE7723D9B2CB00142DFF /* Debug */,
				832DFE7823D9B2CB00142DFF /* Release */,
			);
			defaultConfigurationIsVisible = 0;
			defaultConfigurationName = Release;
		};
/* End XCConfigurationList section */
	};
	rootObject = 832DFE4F23D9B2CA00142DFF /* Project object */;
}
