// !$*UTF8*$!
{
	archiveVersion = 1;
	classes = {
	};
	objectVersion = 50;
	objects = {

/* Begin PBXBuildFile section */
		832BBDA323E958C6007E34B8 /* AppDelegate.swift in Sources */ = {isa = PBXBuildFile; fileRef = 832BBDA223E958C6007E34B8 /* AppDelegate.swift */; };
		832BBDA523E958C6007E34B8 /* SceneDelegate.swift in Sources */ = {isa = PBXBuildFile; fileRef = 832BBDA423E958C6007E34B8 /* SceneDelegate.swift */; };
		832BBDA723E958C6007E34B8 /* ContentView.swift in Sources */ = {isa = PBXBuildFile; fileRef = 832BBDA623E958C6007E34B8 /* ContentView.swift */; };
		832BBDA923E958C6007E34B8 /* Assets.xcassets in Resources */ = {isa = PBXBuildFile; fileRef = 832BBDA823E958C6007E34B8 /* Assets.xcassets */; };
		832BBDAC23E958C6007E34B8 /* Preview Assets.xcassets in Resources */ = {isa = PBXBuildFile; fileRef = 832BBDAB23E958C6007E34B8 /* Preview Assets.xcassets */; };
		832BBDAF23E958C6007E34B8 /* LaunchScreen.storyboard in Resources */ = {isa = PBXBuildFile; fileRef = 832BBDAD23E958C6007E34B8 /* LaunchScreen.storyboard */; };
/* End PBXBuildFile section */

/* Begin PBXFileReference section */
		832BBD9F23E958C6007E34B8 /* Transition.app */ = {isa = PBXFileReference; explicitFileType = wrapper.application; includeInIndex = 0; path = Transition.app; sourceTree = BUILT_PRODUCTS_DIR; };
		832BBDA223E958C6007E34B8 /* AppDelegate.swift */ = {isa = PBXFileReference; lastKnownFileType = sourcecode.swift; path = AppDelegate.swift; sourceTree = "<group>"; };
		832BBDA423E958C6007E34B8 /* SceneDelegate.swift */ = {isa = PBXFileReference; lastKnownFileType = sourcecode.swift; path = SceneDelegate.swift; sourceTree = "<group>"; };
		832BBDA623E958C6007E34B8 /* ContentView.swift */ = {isa = PBXFileReference; lastKnownFileType = sourcecode.swift; path = ContentView.swift; sourceTree = "<group>"; };
		832BBDA823E958C6007E34B8 /* Assets.xcassets */ = {isa = PBXFileReference; lastKnownFileType = folder.assetcatalog; path = Assets.xcassets; sourceTree = "<group>"; };
		832BBDAB23E958C6007E34B8 /* Preview Assets.xcassets */ = {isa = PBXFileReference; lastKnownFileType = folder.assetcatalog; path = "Preview Assets.xcassets"; sourceTree = "<group>"; };
		832BBDAE23E958C6007E34B8 /* Base */ = {isa = PBXFileReference; lastKnownFileType = file.storyboard; name = Base; path = Base.lproj/LaunchScreen.storyboard; sourceTree = "<group>"; };
		832BBDB023E958C6007E34B8 /* Info.plist */ = {isa = PBXFileReference; lastKnownFileType = text.plist.xml; path = Info.plist; sourceTree = "<group>"; };
/* End PBXFileReference section */

/* Begin PBXFrameworksBuildPhase section */
		832BBD9C23E958C6007E34B8 /* Frameworks */ = {
			isa = PBXFrameworksBuildPhase;
			buildActionMask = 2147483647;
			files = (
			);
			runOnlyForDeploymentPostprocessing = 0;
		};
/* End PBXFrameworksBuildPhase section */

/* Begin PBXGroup section */
		832BBD9623E958C6007E34B8 = {
			isa = PBXGroup;
			children = (
				832BBDA123E958C6007E34B8 /* Transition */,
				832BBDA023E958C6007E34B8 /* Products */,
			);
			sourceTree = "<group>";
		};
		832BBDA023E958C6007E34B8 /* Products */ = {
			isa = PBXGroup;
			children = (
				832BBD9F23E958C6007E34B8 /* Transition.app */,
			);
			name = Products;
			sourceTree = "<group>";
		};
		832BBDA123E958C6007E34B8 /* Transition */ = {
			isa = PBXGroup;
			children = (
				832BBDA223E958C6007E34B8 /* AppDelegate.swift */,
				832BBDA423E958C6007E34B8 /* SceneDelegate.swift */,
				832BBDA623E958C6007E34B8 /* ContentView.swift */,
				832BBDA823E958C6007E34B8 /* Assets.xcassets */,
				832BBDAD23E958C6007E34B8 /* LaunchScreen.storyboard */,
				832BBDB023E958C6007E34B8 /* Info.plist */,
				832BBDAA23E958C6007E34B8 /* Preview Content */,
			);
			path = Transition;
			sourceTree = "<group>";
		};
		832BBDAA23E958C6007E34B8 /* Preview Content */ = {
			isa = PBXGroup;
			children = (
				832BBDAB23E958C6007E34B8 /* Preview Assets.xcassets */,
			);
			path = "Preview Content";
			sourceTree = "<group>";
		};
/* End PBXGroup section */

/* Begin PBXNativeTarget section */
		832BBD9E23E958C6007E34B8 /* Transition */ = {
			isa = PBXNativeTarget;
			buildConfigurationList = 832BBDBE23E958C6007E34B8 /* Build configuration list for PBXNativeTarget "Transition" */;
			buildPhases = (
				832BBD9B23E958C6007E34B8 /* Sources */,
				832BBD9C23E958C6007E34B8 /* Frameworks */,
				832BBD9D23E958C6007E34B8 /* Resources */,
			);
			buildRules = (
			);
			dependencies = (
			);
			name = Transition;
			productName = Transition;
			productReference = 832BBD9F23E958C6007E34B8 /* Transition.app */;
			productType = "com.apple.product-type.application";
		};
/* End PBXNativeTarget section */

/* Begin PBXProject section */
		832BBD9723E958C6007E34B8 /* Project object */ = {
			isa = PBXProject;
			attributes = {
				LastSwiftUpdateCheck = 1130;
				LastUpgradeCheck = 1130;
				ORGANIZATIONNAME = "Chris Eidhof";
				TargetAttributes = {
					832BBD9E23E958C6007E34B8 = {
						CreatedOnToolsVersion = 11.3.1;
					};
				};
			};
			buildConfigurationList = 832BBD9A23E958C6007E34B8 /* Build configuration list for PBXProject "Transition" */;
			compatibilityVersion = "Xcode 9.3";
			developmentRegion = en;
			hasScannedForEncodings = 0;
			knownRegions = (
				en,
				Base,
			);
			mainGroup = 832BBD9623E958C6007E34B8;
			productRefGroup = 832BBDA023E958C6007E34B8 /* Products */;
			projectDirPath = "";
			projectRoot = "";
			targets = (
				832BBD9E23E958C6007E34B8 /* Transition */,
			);
		};
/* End PBXProject section */

/* Begin PBXResourcesBuildPhase section */
		832BBD9D23E958C6007E34B8 /* Resources */ = {
			isa = PBXResourcesBuildPhase;
			buildActionMask = 2147483647;
			files = (
				832BBDAF23E958C6007E34B8 /* LaunchScreen.storyboard in Resources */,
				832BBDAC23E958C6007E34B8 /* Preview Assets.xcassets in Resources */,
				832BBDA923E958C6007E34B8 /* Assets.xcassets in Resources */,
			);
			runOnlyForDeploymentPostprocessing = 0;
		};
/* End PBXResourcesBuildPhase section */

/* Begin PBXSourcesBuildPhase section */
		832BBD9B23E958C6007E34B8 /* Sources */ = {
			isa = PBXSourcesBuildPhase;
			buildActionMask = 2147483647;
			files = (
				832BBDA323E958C6007E34B8 /* AppDelegate.swift in Sources */,
				832BBDA523E958C6007E34B8 /* SceneDelegate.swift in Sources */,
				832BBDA723E958C6007E34B8 /* ContentView.swift in Sources */,
			);
			runOnlyForDeploymentPostprocessing = 0;
		};
/* End PBXSourcesBuildPhase section */

/* Begin PBXVariantGroup section */
		832BBDAD23E958C6007E34B8 /* LaunchScreen.storyboard */ = {
			isa = PBXVariantGroup;
			children = (
				832BBDAE23E958C6007E34B8 /* Base */,
			);
			name = LaunchScreen.storyboard;
			sourceTree = "<group>";
		};
/* End PBXVariantGroup section */

/* Begin XCBuildConfiguration section */
		832BBDBC23E958C6007E34B8 /* Debug */ = {
			isa = XCBuildConfiguration;
			buildSettings = {
				ALWAYS_SEARCH_USER_PATHS = NO;
				CLANG_ANALYZER_NONNULL = YES;
				CLANG_ANALYZER_NUMBER_OBJECT_CONVERSION = YES_AGGRESSIVE;
				CLANG_CXX_LANGUAGE_STANDARD = "gnu++14";
				CLANG_CXX_LIBRARY = "libc++";
				CLANG_ENABLE_MODULES = YES;
				CLANG_ENABLE_OBJC_ARC = YES;
				CLANG_ENABLE_OBJC_WEAK = YES;
				CLANG_WARN_BLOCK_CAPTURE_AUTORELEASING = YES;
				CLANG_WARN_BOOL_CONVERSION = YES;
				CLANG_WARN_COMMA = YES;
				CLANG_WARN_CONSTANT_CONVERSION = YES;
				CLANG_WARN_DEPRECATED_OBJC_IMPLEMENTATIONS = YES;
				CLANG_WARN_DIRECT_OBJC_ISA_USAGE = YES_ERROR;
				CLANG_WARN_DOCUMENTATION_COMMENTS = YES;
				CLANG_WARN_EMPTY_BODY = YES;
				CLANG_WARN_ENUM_CONVERSION = YES;
				CLANG_WARN_INFINITE_RECURSION = YES;
				CLANG_WARN_INT_CONVERSION = YES;
				CLANG_WARN_NON_LITERAL_NULL_CONVERSION = YES;
				CLANG_WARN_OBJC_IMPLICIT_RETAIN_SELF = YES;
				CLANG_WARN_OBJC_LITERAL_CONVERSION = YES;
				CLANG_WARN_OBJC_ROOT_CLASS = YES_ERROR;
				CLANG_WARN_RANGE_LOOP_ANALYSIS = YES;
				CLANG_WARN_STRICT_PROTOTYPES = YES;
				CLANG_WARN_SUSPICIOUS_MOVE = YES;
				CLANG_WARN_UNGUARDED_AVAILABILITY = YES_AGGRESSIVE;
				CLANG_WARN_UNREACHABLE_CODE = YES;
				CLANG_WARN__DUPLICATE_METHOD_MATCH = YES;
				COPY_PHASE_STRIP = NO;
				DEBUG_INFORMATION_FORMAT = dwarf;
				ENABLE_STRICT_OBJC_MSGSEND = YES;
				ENABLE_TESTABILITY = YES;
				GCC_C_LANGUAGE_STANDARD = gnu11;
				GCC_DYNAMIC_NO_PIC = NO;
				GCC_NO_COMMON_BLOCKS = YES;
				GCC_OPTIMIZATION_LEVEL = 0;
				GCC_PREPROCESSOR_DEFINITIONS = (
					"DEBUG=1",
					"$(inherited)",
				);
				GCC_WARN_64_TO_32_BIT_CONVERSION = YES;
				GCC_WARN_ABOUT_RETURN_TYPE = YES_ERROR;
				GCC_WARN_UNDECLARED_SELECTOR = YES;
				GCC_WARN_UNINITIALIZED_AUTOS = YES_AGGRESSIVE;
				GCC_WARN_UNUSED_FUNCTION = YES;
				GCC_WARN_UNUSED_VARIABLE = YES;
				IPHONEOS_DEPLOYMENT_TARGET = 13.2;
				MTL_ENABLE_DEBUG_INFO = INCLUDE_SOURCE;
				MTL_FAST_MATH = YES;
				ONLY_ACTIVE_ARCH = YES;
				SDKROOT = iphoneos;
				SWIFT_ACTIVE_COMPILATION_CONDITIONS = DEBUG;
				SWIFT_OPTIMIZATION_LEVEL = "-Onone";
			};
			name = Debug;
		};
		832BBDBD23E958C6007E34B8 /* Release */ = {
			isa = XCBuildConfiguration;
			buildSettings = {
				ALWAYS_SEARCH_USER_PATHS = NO;
				CLANG_ANALYZER_NONNULL = YES;
				CLANG_ANALYZER_NUMBER_OBJECT_CONVERSION = YES_AGGRESSIVE;
				CLANG_CXX_LANGUAGE_STANDARD = "gnu++14";
				CLANG_CXX_LIBRARY = "libc++";
				CLANG_ENABLE_MODULES = YES;
				CLANG_ENABLE_OBJC_ARC = YES;
				CLANG_ENABLE_OBJC_WEAK = YES;
				CLANG_WARN_BLOCK_CAPTURE_AUTORELEASING = YES;
				CLANG_WARN_BOOL_CONVERSION = YES;
				CLANG_WARN_COMMA = YES;
				CLANG_WARN_CONSTANT_CONVERSION = YES;
				CLANG_WARN_DEPRECATED_OBJC_IMPLEMENTATIONS = YES;
				CLANG_WARN_DIRECT_OBJC_ISA_USAGE = YES_ERROR;
				CLANG_WARN_DOCUMENTATION_COMMENTS = YES;
				CLANG_WARN_EMPTY_BODY = YES;
				CLANG_WARN_ENUM_CONVERSION = YES;
				CLANG_WARN_INFINITE_RECURSION = YES;
				CLANG_WARN_INT_CONVERSION = YES;
				CLANG_WARN_NON_LITERAL_NULL_CONVERSION = YES;
				CLANG_WARN_OBJC_IMPLICIT_RETAIN_SELF = YES;
				CLANG_WARN_OBJC_LITERAL_CONVERSION = YES;
				CLANG_WARN_OBJC_ROOT_CLASS = YES_ERROR;
				CLANG_WARN_RANGE_LOOP_ANALYSIS = YES;
				CLANG_WARN_STRICT_PROTOTYPES = YES;
				CLANG_WARN_SUSPICIOUS_MOVE = YES;
				CLANG_WARN_UNGUARDED_AVAILABILITY = YES_AGGRESSIVE;
				CLANG_WARN_UNREACHABLE_CODE = YES;
				CLANG_WARN__DUPLICATE_METHOD_MATCH = YES;
				COPY_PHASE_STRIP = NO;
				DEBUG_INFORMATION_FORMAT = "dwarf-with-dsym";
				ENABLE_NS_ASSERTIONS = NO;
				ENABLE_STRICT_OBJC_MSGSEND = YES;
				GCC_C_LANGUAGE_STANDARD = gnu11;
				GCC_NO_COMMON_BLOCKS = YES;
				GCC_WARN_64_TO_32_BIT_CONVERSION = YES;
				GCC_WARN_ABOUT_RETURN_TYPE = YES_ERROR;
				GCC_WARN_UNDECLARED_SELECTOR = YES;
				GCC_WARN_UNINITIALIZED_AUTOS = YES_AGGRESSIVE;
				GCC_WARN_UNUSED_FUNCTION = YES;
				GCC_WARN_UNUSED_VARIABLE = YES;
				IPHONEOS_DEPLOYMENT_TARGET = 13.2;
				MTL_ENABLE_DEBUG_INFO = NO;
				MTL_FAST_MATH = YES;
				SDKROOT = iphoneos;
				SWIFT_COMPILATION_MODE = wholemodule;
				SWIFT_OPTIMIZATION_LEVEL = "-O";
				VALIDATE_PRODUCT = YES;
			};
			name = Release;
		};
		832BBDBF23E958C6007E34B8 /* Debug */ = {
			isa = XCBuildConfiguration;
			buildSettings = {
				ASSETCATALOG_COMPILER_APPICON_NAME = AppIcon;
				CODE_SIGN_STYLE = Automatic;
				DEVELOPMENT_ASSET_PATHS = "\"Transition/Preview Content\"";
				ENABLE_PREVIEWS = YES;
				INFOPLIST_FILE = Transition/Info.plist;
				LD_RUNPATH_SEARCH_PATHS = (
					"$(inherited)",
					"@executable_path/Frameworks",
				);
				PRODUCT_BUNDLE_IDENTIFIER = objc.io.Transition;
				PRODUCT_NAME = "$(TARGET_NAME)";
				SWIFT_VERSION = 5.0;
				TARGETED_DEVICE_FAMILY = "1,2";
			};
			name = Debug;
		};
		832BBDC023E958C6007E34B8 /* Release */ = {
			isa = XCBuildConfiguration;
			buildSettings = {
				ASSETCATALOG_COMPILER_APPICON_NAME = AppIcon;
				CODE_SIGN_STYLE = Automatic;
				DEVELOPMENT_ASSET_PATHS = "\"Transition/Preview Content\"";
				ENABLE_PREVIEWS = YES;
				INFOPLIST_FILE = Transition/Info.plist;
				LD_RUNPATH_SEARCH_PATHS = (
					"$(inherited)",
					"@executable_path/Frameworks",
				);
				PRODUCT_BUNDLE_IDENTIFIER = objc.io.Transition;
				PRODUCT_NAME = "$(TARGET_NAME)";
				SWIFT_VERSION = 5.0;
				TARGETED_DEVICE_FAMILY = "1,2";
			};
			name = Release;
		};
/* End XCBuildConfiguration section */

/* Begin XCConfigurationList section */
		832BBD9A23E958C6007E34B8 /* Build configuration list for PBXProject "Transition" */ = {
			isa = XCConfigurationList;
			buildConfigurations = (
				832BBDBC23E958C6007E34B8 /* Debug */,
				832BBDBD23E958C6007E34B8 /* Release */,
			);
			defaultConfigurationIsVisible = 0;
			defaultConfigurationName = Release;
		};
		832BBDBE23E958C6007E34B8 /* Build configuration list for PBXNativeTarget "Transition" */ = {
			isa = XCConfigurationList;
			buildConfigurations = (
				832BBDBF23E958C6007E34B8 /* Debug */,
				832BBDC023E958C6007E34B8 /* Release */,
			);
			defaultConfigurationIsVisible = 0;
			defaultConfigurationName = Release;
		};
/* End XCConfigurationList section */
	};
	rootObject = 832BBD9723E958C6007E34B8 /* Project object */;
}
